
Microsoft Visual Studio Solution File, Format Version 12.00
# Visual Studio Version 17
VisualStudioVersion = 17.11.35327.3
MinimumVisualStudioVersion = 10.0.40219.1
Project("{9A19103F-16F7-4668-BE54-9A1E7A4F7556}") = "Ejemplo1", "Ejemplo1\Ejemplo1.csproj", "{4DB52074-98D3-4D7A-834D-EC156013CE7F}"
EndProject
Project("{9A19103F-16F7-4668-BE54-9A1E7A4F7556}") = "Ejercicio1", "Ejercicio1\Ejercicio1.csproj", "{34F1B3EA-051B-4D39-9174-F39A38761FC5}"
EndProject
Project("{9A19103F-16F7-4668-BE54-9A1E7A4F7556}") = "Ejercicio2", "Ejercicio2\Ejercicio2.csproj", "{BA98624B-DF2E-40D8-AA00-8AFEE87BA785}"
EndProject
Project("{9A19103F-16F7-4668-BE54-9A1E7A4F7556}") = "Ejercicio3", "Ejercicio3\Ejercicio3.csproj", "{DE0C4C29-42C5-4CCF-92D4-B18954D5411C}"
EndProject
Project("{9A19103F-16F7-4668-BE54-9A1E7A4F7556}") = "Ejercicio4", "Ejercicio4\Ejercicio4.csproj", "{331C2EB7-F2FD-4B71-83D6-5DE8680A95AF}"
EndProject
Project("{9A19103F-16F7-4668-BE54-9A1E7A4F7556}") = "Ejercicio5UI", "Ejercicio5UI\Ejercicio5UI.csproj", "{FACD626B-800C-4F11-B4AE-A69AE56C849C}"
EndProject
Global
	GlobalSection(SolutionConfigurationPlatforms) = preSolution
		Debug|Any CPU = Debug|Any CPU
		Release|Any CPU = Release|Any CPU
	EndGlobalSection
	GlobalSection(ProjectConfigurationPlatforms) = postSolution
		{4DB52074-98D3-4D7A-834D-EC156013CE7F}.Debug|Any CPU.ActiveCfg = Debug|Any CPU
		{4DB52074-98D3-4D7A-834D-EC156013CE7F}.Debug|Any CPU.Build.0 = Debug|Any CPU
		{4DB52074-98D3-4D7A-834D-EC156013CE7F}.Debug|Any CPU.Deploy.0 = Debug|Any CPU
		{4DB52074-98D3-4D7A-834D-EC156013CE7F}.Release|Any CPU.ActiveCfg = Release|Any CPU
		{4DB52074-98D3-4D7A-834D-EC156013CE7F}.Release|Any CPU.Build.0 = Release|Any CPU
		{4DB52074-98D3-4D7A-834D-EC156013CE7F}.Release|Any CPU.Deploy.0 = Release|Any CPU
		{34F1B3EA-051B-4D39-9174-F39A38761FC5}.Debug|Any CPU.ActiveCfg = Debug|Any CPU
		{34F1B3EA-051B-4D39-9174-F39A38761FC5}.Debug|Any CPU.Build.0 = Debug|Any CPU
		{34F1B3EA-051B-4D39-9174-F39A38761FC5}.Debug|Any CPU.Deploy.0 = Debug|Any CPU
		{34F1B3EA-051B-4D39-9174-F39A38761FC5}.Release|Any CPU.ActiveCfg = Release|Any CPU
		{34F1B3EA-051B-4D39-9174-F39A38761FC5}.Release|Any CPU.Build.0 = Release|Any CPU
		{34F1B3EA-051B-4D39-9174-F39A38761FC5}.Release|Any CPU.Deploy.0 = Release|Any CPU
		{BA98624B-DF2E-40D8-AA00-8AFEE87BA785}.Debug|Any CPU.ActiveCfg = Debug|Any CPU
		{BA98624B-DF2E-40D8-AA00-8AFEE87BA785}.Debug|Any CPU.Build.0 = Debug|Any CPU
		{BA98624B-DF2E-40D8-AA00-8AFEE87BA785}.Debug|Any CPU.Deploy.0 = Debug|Any CPU
		{BA98624B-DF2E-40D8-AA00-8AFEE87BA785}.Release|Any CPU.ActiveCfg = Release|Any CPU
		{BA98624B-DF2E-40D8-AA00-8AFEE87BA785}.Release|Any CPU.Build.0 = Release|Any CPU
		{BA98624B-DF2E-40D8-AA00-8AFEE87BA785}.Release|Any CPU.Deploy.0 = Release|Any CPU
		{DE0C4C29-42C5-4CCF-92D4-B18954D5411C}.Debug|Any CPU.ActiveCfg = Debug|Any CPU
		{DE0C4C29-42C5-4CCF-92D4-B18954D5411C}.Debug|Any CPU.Build.0 = Debug|Any CPU
		{DE0C4C29-42C5-4CCF-92D4-B18954D5411C}.Debug|Any CPU.Deploy.0 = Debug|Any CPU
		{DE0C4C29-42C5-4CCF-92D4-B18954D5411C}.Release|Any CPU.ActiveCfg = Release|Any CPU
		{DE0C4C29-42C5-4CCF-92D4-B18954D5411C}.Release|Any CPU.Build.0 = Release|Any CPU
		{DE0C4C29-42C5-4CCF-92D4-B18954D5411C}.Release|Any CPU.Deploy.0 = Release|Any CPU
		{331C2EB7-F2FD-4B71-83D6-5DE8680A95AF}.Debug|Any CPU.ActiveCfg = Debug|Any CPU
		{331C2EB7-F2FD-4B71-83D6-5DE8680A95AF}.Debug|Any CPU.Build.0 = Debug|Any CPU
		{331C2EB7-F2FD-4B71-83D6-5DE8680A95AF}.Debug|Any CPU.Deploy.0 = Debug|Any CPU
		{331C2EB7-F2FD-4B71-83D6-5DE8680A95AF}.Release|Any CPU.ActiveCfg = Release|Any CPU
		{331C2EB7-F2FD-4B71-83D6-5DE8680A95AF}.Release|Any CPU.Build.0 = Release|Any CPU
		{331C2EB7-F2FD-4B71-83D6-5DE8680A95AF}.Release|Any CPU.Deploy.0 = Release|Any CPU
		{FACD626B-800C-4F11-B4AE-A69AE56C849C}.Debug|Any CPU.ActiveCfg = Debug|Any CPU
		{FACD626B-800C-4F11-B4AE-A69AE56C849C}.Debug|Any CPU.Build.0 = Debug|Any CPU
		{FACD626B-800C-4F11-B4AE-A69AE56C849C}.Debug|Any CPU.Deploy.0 = Debug|Any CPU
		{FACD626B-800C-4F11-B4AE-A69AE56C849C}.Release|Any CPU.ActiveCfg = Release|Any CPU
		{FACD626B-800C-4F11-B4AE-A69AE56C849C}.Release|Any CPU.Build.0 = Release|Any CPU
		{FACD626B-800C-4F11-B4AE-A69AE56C849C}.Release|Any CPU.Deploy.0 = Release|Any CPU
	EndGlobalSection
	GlobalSection(SolutionProperties) = preSolution
		HideSolutionNode = FALSE
	EndGlobalSection
	GlobalSection(ExtensibilityGlobals) = postSolution
		SolutionGuid = {A9531B59-B342-4CFE-9758-B1E453080EBB}
	EndGlobalSection
EndGlobal
