
Microsoft Visual Studio Solution File, Format Version 12.00
# Visual Studio Version 17
VisualStudioVersion = 17.11.35327.3
MinimumVisualStudioVersion = 10.0.40219.1
Project("{2150E333-8FDC-42A3-9474-1A3956D46DE8}") = "Analisis", "Analisis", "{3DB5B739-2431-4B2D-B43D-139085DCB77D}"
	ProjectSection(SolutionItems) = preProject
		Ejercicio1.txt = Ejercicio1.txt
	EndProjectSection
EndProject
Project("{FAE04EC0-301F-11D3-BF4B-00C04F79EFBC}") = "DAL", "DAL\DAL.csproj", "{CE45B6B4-DD0A-47BF-ACA9-F99C6CB4673B}"
EndProject
Project("{FAE04EC0-301F-11D3-BF4B-00C04F79EFBC}") = "BL", "BL\BL.csproj", "{8ED5776C-305E-4AD4-92F2-77383E75E8D9}"
EndProject
Project("{FAE04EC0-301F-11D3-BF4B-00C04F79EFBC}") = "Entidades", "Entidades\Entidades.csproj", "{FA95907D-E4AA-4C0B-9E50-F2D37564308C}"
EndProject
Project("{FAE04EC0-301F-11D3-BF4B-00C04F79EFBC}") = "Ejercicio1", "Ejercicio1\Ejercicio1.csproj", "{F94F9046-4AA1-49C9-BDE5-A3174D3C84C3}"
EndProject
Global
	GlobalSection(SolutionConfigurationPlatforms) = preSolution
		Debug|Any CPU = Debug|Any CPU
		Release|Any CPU = Release|Any CPU
	EndGlobalSection
	GlobalSection(ProjectConfigurationPlatforms) = postSolution
		{CE45B6B4-DD0A-47BF-ACA9-F99C6CB4673B}.Debug|Any CPU.ActiveCfg = Debug|Any CPU
		{CE45B6B4-DD0A-47BF-ACA9-F99C6CB4673B}.Debug|Any CPU.Build.0 = Debug|Any CPU
		{CE45B6B4-DD0A-47BF-ACA9-F99C6CB4673B}.Release|Any CPU.ActiveCfg = Release|Any CPU
		{CE45B6B4-DD0A-47BF-ACA9-F99C6CB4673B}.Release|Any CPU.Build.0 = Release|Any CPU
		{8ED5776C-305E-4AD4-92F2-77383E75E8D9}.Debug|Any CPU.ActiveCfg = Debug|Any CPU
		{8ED5776C-305E-4AD4-92F2-77383E75E8D9}.Debug|Any CPU.Build.0 = Debug|Any CPU
		{8ED5776C-305E-4AD4-92F2-77383E75E8D9}.Release|Any CPU.ActiveCfg = Release|Any CPU
		{8ED5776C-305E-4AD4-92F2-77383E75E8D9}.Release|Any CPU.Build.0 = Release|Any CPU
		{FA95907D-E4AA-4C0B-9E50-F2D37564308C}.Debug|Any CPU.ActiveCfg = Debug|Any CPU
		{FA95907D-E4AA-4C0B-9E50-F2D37564308C}.Debug|Any CPU.Build.0 = Debug|Any CPU
		{FA95907D-E4AA-4C0B-9E50-F2D37564308C}.Release|Any CPU.ActiveCfg = Release|Any CPU
		{FA95907D-E4AA-4C0B-9E50-F2D37564308C}.Release|Any CPU.Build.0 = Release|Any CPU
		{F94F9046-4AA1-49C9-BDE5-A3174D3C84C3}.Debug|Any CPU.ActiveCfg = Debug|Any CPU
		{F94F9046-4AA1-49C9-BDE5-A3174D3C84C3}.Debug|Any CPU.Build.0 = Debug|Any CPU
		{F94F9046-4AA1-49C9-BDE5-A3174D3C84C3}.Debug|Any CPU.Deploy.0 = Debug|Any CPU
		{F94F9046-4AA1-49C9-BDE5-A3174D3C84C3}.Release|Any CPU.ActiveCfg = Release|Any CPU
		{F94F9046-4AA1-49C9-BDE5-A3174D3C84C3}.Release|Any CPU.Build.0 = Release|Any CPU
		{F94F9046-4AA1-49C9-BDE5-A3174D3C84C3}.Release|Any CPU.Deploy.0 = Release|Any CPU
	EndGlobalSection
	GlobalSection(SolutionProperties) = preSolution
		HideSolutionNode = FALSE
	EndGlobalSection
	GlobalSection(ExtensibilityGlobals) = postSolution
		SolutionGuid = {0C942982-1B34-4470-9019-410DE010C3A2}
	EndGlobalSection
EndGlobal
