
Microsoft Visual Studio Solution File, Format Version 12.00
# Visual Studio Version 17
VisualStudioVersion = 17.11.35327.3
MinimumVisualStudioVersion = 10.0.40219.1
Project("{FAE04EC0-301F-11D3-BF4B-00C04F79EFBC}") = "Ejercicio05", "Ejercicio05\Ejercicio05.csproj", "{DEEBA316-80D2-4DFB-A91F-9A567455F8E9}"
EndProject
Global
	GlobalSection(SolutionConfigurationPlatforms) = preSolution
		Debug|Any CPU = Debug|Any CPU
		Release|Any CPU = Release|Any CPU
	EndGlobalSection
	GlobalSection(ProjectConfigurationPlatforms) = postSolution
		{DEEBA316-80D2-4DFB-A91F-9A567455F8E9}.Debug|Any CPU.ActiveCfg = Debug|Any CPU
		{DEEBA316-80D2-4DFB-A91F-9A567455F8E9}.Debug|Any CPU.Build.0 = Debug|Any CPU
		{DEEBA316-80D2-4DFB-A91F-9A567455F8E9}.Debug|Any CPU.Deploy.0 = Debug|Any CPU
		{DEEBA316-80D2-4DFB-A91F-9A567455F8E9}.Release|Any CPU.ActiveCfg = Release|Any CPU
		{DEEBA316-80D2-4DFB-A91F-9A567455F8E9}.Release|Any CPU.Build.0 = Release|Any CPU
		{DEEBA316-80D2-4DFB-A91F-9A567455F8E9}.Release|Any CPU.Deploy.0 = Release|Any CPU
	EndGlobalSection
	GlobalSection(SolutionProperties) = preSolution
		HideSolutionNode = FALSE
	EndGlobalSection
	GlobalSection(ExtensibilityGlobals) = postSolution
		SolutionGuid = {FC294C73-94EB-4BC0-9110-7CA15AC185DB}
	EndGlobalSection
EndGlobal
